{
  "name": "Endless",
  "lockfileVersion": 2,
  "requires": true,
  "packages": {
    "": {
      "dependencies": {
        "snapchat-lens-api": "^1.2.0"
      }
    },
    "node_modules/snapchat-lens-api": {
      "version": "1.2.0",
      "resolved": "https://registry.npmjs.org/snapchat-lens-api/-/snapchat-lens-api-1.2.0.tgz",
      "integrity": "sha512-KPFmhMs2tTK+BZjpcQZmZcafUP2RP3rY8gjhq+J8vT20skjv33R7OSXIKZBeE9ESZQkTqe5uZRz1+Jfek7JPsw=="
    }
  },
  "dependencies": {
    "snapchat-lens-api": {
      "version": "1.2.0",
      "resolved": "https://registry.npmjs.org/snapchat-lens-api/-/snapchat-lens-api-1.2.0.tgz",
      "integrity": "sha512-KPFmhMs2tTK+BZjpcQZmZcafUP2RP3rY8gjhq+J8vT20skjv33R7OSXIKZBeE9ESZQkTqe5uZRz1+Jfek7JPsw=="
    }
  }
}
